// !$*UTF8*$!
{
	archiveVersion = 1;
	classes = {
	};
	objectVersion = 50;
	objects = {

/* Begin PBXBuildFile section */
		E2B6B2B026E5784200AAEDAA /* CellOperations.swift in Sources */ = {isa = PBXBuildFile; fileRef = E2B6B2AF26E5784200AAEDAA /* CellOperations.swift */; };
		E2FCF66B26DF4EE80028B9A7 /* TimerEntity.swift in Sources */ = {isa = PBXBuildFile; fileRef = E2FCF66A26DF4EE80028B9A7 /* TimerEntity.swift */; };
		EF683E6726DD5A6100E18C62 /* AppDelegate.swift in Sources */ = {isa = PBXBuildFile; fileRef = EF683E6626DD5A6100E18C62 /* AppDelegate.swift */; };
		EF683E7026DD5A7600E18C62 /* Assets.xcassets in Resources */ = {isa = PBXBuildFile; fileRef = EF683E6F26DD5A7600E18C62 /* Assets.xcassets */; };
		EF683E7326DD5A7600E18C62 /* LaunchScreen.storyboard in Resources */ = {isa = PBXBuildFile; fileRef = EF683E7126DD5A7600E18C62 /* LaunchScreen.storyboard */; };
		EF683E8026DD64F600E18C62 /* TimerPresenter.swift in Sources */ = {isa = PBXBuildFile; fileRef = EF683E7A26DD64F600E18C62 /* TimerPresenter.swift */; };
		EF683E8126DD64F600E18C62 /* TimerRouter.swift in Sources */ = {isa = PBXBuildFile; fileRef = EF683E7B26DD64F600E18C62 /* TimerRouter.swift */; };
		EF683E8226DD64F600E18C62 /* TimerViewController.swift in Sources */ = {isa = PBXBuildFile; fileRef = EF683E7C26DD64F600E18C62 /* TimerViewController.swift */; };
		EF683E8326DD64F600E18C62 /* TimerProtocols.swift in Sources */ = {isa = PBXBuildFile; fileRef = EF683E7D26DD64F600E18C62 /* TimerProtocols.swift */; };
		EF683E8426DD64F600E18C62 /* TimerInteractor.swift in Sources */ = {isa = PBXBuildFile; fileRef = EF683E7E26DD64F600E18C62 /* TimerInteractor.swift */; };
		EF683E8526DD64F600E18C62 /* TimerContainer.swift in Sources */ = {isa = PBXBuildFile; fileRef = EF683E7F26DD64F600E18C62 /* TimerContainer.swift */; };
		EF683E8726DD67AD00E18C62 /* NetworkManager.swift in Sources */ = {isa = PBXBuildFile; fileRef = EF683E8626DD67AD00E18C62 /* NetworkManager.swift */; };
		EF683E8926DD67E900E18C62 /* Timer.swift in Sources */ = {isa = PBXBuildFile; fileRef = EF683E8826DD67E900E18C62 /* Timer.swift */; };
		EF683E8C26DD69A600E18C62 /* data.json in Resources */ = {isa = PBXBuildFile; fileRef = EF683E8B26DD69A600E18C62 /* data.json */; };
		EF683E9526DD6D9200E18C62 /* TimerTableViewCell.swift in Sources */ = {isa = PBXBuildFile; fileRef = EF683E9426DD6D9200E18C62 /* TimerTableViewCell.swift */; };
		EFED0EE628316B4700A97D09 /* TimerPresenter+Timer.swift in Sources */ = {isa = PBXBuildFile; fileRef = EFED0EE528316B4700A97D09 /* TimerPresenter+Timer.swift */; };
/* End PBXBuildFile section */

/* Begin PBXFileReference section */
		E2B6B2AF26E5784200AAEDAA /* CellOperations.swift */ = {isa = PBXFileReference; lastKnownFileType = sourcecode.swift; path = CellOperations.swift; sourceTree = "<group>"; };
		E2FCF66A26DF4EE80028B9A7 /* TimerEntity.swift */ = {isa = PBXFileReference; lastKnownFileType = sourcecode.swift; path = TimerEntity.swift; sourceTree = "<group>"; };
		EF683E6326DD5A6100E18C62 /* Timer.app */ = {isa = PBXFileReference; explicitFileType = wrapper.application; includeInIndex = 0; path = Timer.app; sourceTree = BUILT_PRODUCTS_DIR; };
		EF683E6626DD5A6100E18C62 /* AppDelegate.swift */ = {isa = PBXFileReference; lastKnownFileType = sourcecode.swift; path = AppDelegate.swift; sourceTree = "<group>"; };
		EF683E6F26DD5A7600E18C62 /* Assets.xcassets */ = {isa = PBXFileReference; lastKnownFileType = folder.assetcatalog; path = Assets.xcassets; sourceTree = "<group>"; };
		EF683E7226DD5A7600E18C62 /* Base */ = {isa = PBXFileReference; lastKnownFileType = file.storyboard; name = Base; path = Base.lproj/LaunchScreen.storyboard; sourceTree = "<group>"; };
		EF683E7426DD5A7600E18C62 /* Info.plist */ = {isa = PBXFileReference; lastKnownFileType = text.plist.xml; path = Info.plist; sourceTree = "<group>"; };
		EF683E7A26DD64F600E18C62 /* TimerPresenter.swift */ = {isa = PBXFileReference; lastKnownFileType = sourcecode.swift; path = TimerPresenter.swift; sourceTree = "<group>"; };
		EF683E7B26DD64F600E18C62 /* TimerRouter.swift */ = {isa = PBXFileReference; lastKnownFileType = sourcecode.swift; path = TimerRouter.swift; sourceTree = "<group>"; };
		EF683E7C26DD64F600E18C62 /* TimerViewController.swift */ = {isa = PBXFileReference; lastKnownFileType = sourcecode.swift; path = TimerViewController.swift; sourceTree = "<group>"; };
		EF683E7D26DD64F600E18C62 /* TimerProtocols.swift */ = {isa = PBXFileReference; lastKnownFileType = sourcecode.swift; path = TimerProtocols.swift; sourceTree = "<group>"; };
		EF683E7E26DD64F600E18C62 /* TimerInteractor.swift */ = {isa = PBXFileReference; lastKnownFileType = sourcecode.swift; path = TimerInteractor.swift; sourceTree = "<group>"; };
		EF683E7F26DD64F600E18C62 /* TimerContainer.swift */ = {isa = PBXFileReference; lastKnownFileType = sourcecode.swift; path = TimerContainer.swift; sourceTree = "<group>"; };
		EF683E8626DD67AD00E18C62 /* NetworkManager.swift */ = {isa = PBXFileReference; lastKnownFileType = sourcecode.swift; path = NetworkManager.swift; sourceTree = "<group>"; };
		EF683E8826DD67E900E18C62 /* Timer.swift */ = {isa = PBXFileReference; lastKnownFileType = sourcecode.swift; path = Timer.swift; sourceTree = "<group>"; };
		EF683E8B26DD69A600E18C62 /* data.json */ = {isa = PBXFileReference; lastKnownFileType = text.json; path = data.json; sourceTree = "<group>"; };
		EF683E9426DD6D9200E18C62 /* TimerTableViewCell.swift */ = {isa = PBXFileReference; lastKnownFileType = sourcecode.swift; path = TimerTableViewCell.swift; sourceTree = "<group>"; };
		EFED0EE528316B4700A97D09 /* TimerPresenter+Timer.swift */ = {isa = PBXFileReference; lastKnownFileType = sourcecode.swift; path = "TimerPresenter+Timer.swift"; sourceTree = "<group>"; };
/* End PBXFileReference section */

/* Begin PBXFrameworksBuildPhase section */
		EF683E6026DD5A6100E18C62 /* Frameworks */ = {
			isa = PBXFrameworksBuildPhase;
			buildActionMask = 2147483647;
			files = (
			);
			runOnlyForDeploymentPostprocessing = 0;
		};
/* End PBXFrameworksBuildPhase section */

/* Begin PBXGroup section */
		E2FCF66926DF4EC10028B9A7 /* Model */ = {
			isa = PBXGroup;
			children = (
				E2FCF66A26DF4EE80028B9A7 /* TimerEntity.swift */,
			);
			path = Model;
			sourceTree = "<group>";
		};
		EF683E5A26DD5A6100E18C62 = {
			isa = PBXGroup;
			children = (
				EF683E6526DD5A6100E18C62 /* Timer */,
				EF683E6426DD5A6100E18C62 /* Products */,
			);
			sourceTree = "<group>";
		};
		EF683E6426DD5A6100E18C62 /* Products */ = {
			isa = PBXGroup;
			children = (
				EF683E6326DD5A6100E18C62 /* Timer.app */,
			);
			name = Products;
			sourceTree = "<group>";
		};
		EF683E6526DD5A6100E18C62 /* Timer */ = {
			isa = PBXGroup;
			children = (
				EF683E8D26DD6A9900E18C62 /* Main */,
				EF683E8E26DD6AA400E18C62 /* Models */,
				EF683E6626DD5A6100E18C62 /* AppDelegate.swift */,
				EF683E8626DD67AD00E18C62 /* NetworkManager.swift */,
				EF683E8B26DD69A600E18C62 /* data.json */,
				EF683E6F26DD5A7600E18C62 /* Assets.xcassets */,
				EF683E7126DD5A7600E18C62 /* LaunchScreen.storyboard */,
				EF683E7426DD5A7600E18C62 /* Info.plist */,
				E2B6B2AF26E5784200AAEDAA /* CellOperations.swift */,
			);
			path = Timer;
			sourceTree = "<group>";
		};
		EF683E8D26DD6A9900E18C62 /* Main */ = {
			isa = PBXGroup;
			children = (
				E2FCF66926DF4EC10028B9A7 /* Model */,
				EF683E7F26DD64F600E18C62 /* TimerContainer.swift */,
				EF683E9326DD6AB900E18C62 /* View */,
				EF683E9226DD6AB100E18C62 /* Interactor */,
				EF683E9126DD6AAE00E18C62 /* Presenter */,
				EF683E9026DD6AAB00E18C62 /* Router */,
				EF683E8F26DD6AA700E18C62 /* Protocols */,
			);
			path = Main;
			sourceTree = "<group>";
		};
		EF683E8E26DD6AA400E18C62 /* Models */ = {
			isa = PBXGroup;
			children = (
				EF683E8826DD67E900E18C62 /* Timer.swift */,
			);
			path = Models;
			sourceTree = "<group>";
		};
		EF683E8F26DD6AA700E18C62 /* Protocols */ = {
			isa = PBXGroup;
			children = (
				EF683E7D26DD64F600E18C62 /* TimerProtocols.swift */,
			);
			path = Protocols;
			sourceTree = "<group>";
		};
		EF683E9026DD6AAB00E18C62 /* Router */ = {
			isa = PBXGroup;
			children = (
				EF683E7B26DD64F600E18C62 /* TimerRouter.swift */,
			);
			path = Router;
			sourceTree = "<group>";
		};
		EF683E9126DD6AAE00E18C62 /* Presenter */ = {
			isa = PBXGroup;
			children = (
				EF683E7A26DD64F600E18C62 /* TimerPresenter.swift */,
				EFED0EE528316B4700A97D09 /* TimerPresenter+Timer.swift */,
			);
			path = Presenter;
			sourceTree = "<group>";
		};
		EF683E9226DD6AB100E18C62 /* Interactor */ = {
			isa = PBXGroup;
			children = (
				EF683E7E26DD64F600E18C62 /* TimerInteractor.swift */,
			);
			path = Interactor;
			sourceTree = "<group>";
		};
		EF683E9326DD6AB900E18C62 /* View */ = {
			isa = PBXGroup;
			children = (
				EF683E7C26DD64F600E18C62 /* TimerViewController.swift */,
				EF683E9426DD6D9200E18C62 /* TimerTableViewCell.swift */,
			);
			path = View;
			sourceTree = "<group>";
		};
/* End PBXGroup section */

/* Begin PBXNativeTarget section */
		EF683E6226DD5A6100E18C62 /* Timer */ = {
			isa = PBXNativeTarget;
			buildConfigurationList = EF683E7726DD5A7600E18C62 /* Build configuration list for PBXNativeTarget "Timer" */;
			buildPhases = (
				EF683E5F26DD5A6100E18C62 /* Sources */,
				EF683E6026DD5A6100E18C62 /* Frameworks */,
				EF683E6126DD5A6100E18C62 /* Resources */,
			);
			buildRules = (
			);
			dependencies = (
			);
			name = Timer;
			productName = Timer;
			productReference = EF683E6326DD5A6100E18C62 /* Timer.app */;
			productType = "com.apple.product-type.application";
		};
/* End PBXNativeTarget section */

/* Begin PBXProject section */
		EF683E5B26DD5A6100E18C62 /* Project object */ = {
			isa = PBXProject;
			attributes = {
				LastSwiftUpdateCheck = 1250;
				LastUpgradeCheck = 1250;
				TargetAttributes = {
					EF683E6226DD5A6100E18C62 = {
						CreatedOnToolsVersion = 12.5.1;
					};
				};
			};
			buildConfigurationList = EF683E5E26DD5A6100E18C62 /* Build configuration list for PBXProject "Timer" */;
			compatibilityVersion = "Xcode 9.3";
			developmentRegion = en;
			hasScannedForEncodings = 0;
			knownRegions = (
				en,
				Base,
			);
			mainGroup = EF683E5A26DD5A6100E18C62;
			productRefGroup = EF683E6426DD5A6100E18C62 /* Products */;
			projectDirPath = "";
			projectRoot = "";
			targets = (
				EF683E6226DD5A6100E18C62 /* Timer */,
			);
		};
/* End PBXProject section */

/* Begin PBXResourcesBuildPhase section */
		EF683E6126DD5A6100E18C62 /* Resources */ = {
			isa = PBXResourcesBuildPhase;
			buildActionMask = 2147483647;
			files = (
				EF683E8C26DD69A600E18C62 /* data.json in Resources */,
				EF683E7326DD5A7600E18C62 /* LaunchScreen.storyboard in Resources */,
				EF683E7026DD5A7600E18C62 /* Assets.xcassets in Resources */,
			);
			runOnlyForDeploymentPostprocessing = 0;
		};
/* End PBXResourcesBuildPhase section */

/* Begin PBXSourcesBuildPhase section */
		EF683E5F26DD5A6100E18C62 /* Sources */ = {
			isa = PBXSourcesBuildPhase;
			buildActionMask = 2147483647;
			files = (
				EF683E8726DD67AD00E18C62 /* NetworkManager.swift in Sources */,
				EF683E8026DD64F600E18C62 /* TimerPresenter.swift in Sources */,
				EF683E8126DD64F600E18C62 /* TimerRouter.swift in Sources */,
				EF683E6726DD5A6100E18C62 /* AppDelegate.swift in Sources */,
				E2FCF66B26DF4EE80028B9A7 /* TimerEntity.swift in Sources */,
				EF683E8926DD67E900E18C62 /* Timer.swift in Sources */,
				EF683E8426DD64F600E18C62 /* TimerInteractor.swift in Sources */,
				E2B6B2B026E5784200AAEDAA /* CellOperations.swift in Sources */,
				EF683E8326DD64F600E18C62 /* TimerProtocols.swift in Sources */,
				EF683E9526DD6D9200E18C62 /* TimerTableViewCell.swift in Sources */,
				EFED0EE628316B4700A97D09 /* TimerPresenter+Timer.swift in Sources */,
				EF683E8526DD64F600E18C62 /* TimerContainer.swift in Sources */,
				EF683E8226DD64F600E18C62 /* TimerViewController.swift in Sources */,
			);
			runOnlyForDeploymentPostprocessing = 0;
		};
/* End PBXSourcesBuildPhase section */

/* Begin PBXVariantGroup section */
		EF683E7126DD5A7600E18C62 /* LaunchScreen.storyboard */ = {
			isa = PBXVariantGroup;
			children = (
				EF683E7226DD5A7600E18C62 /* Base */,
			);
			name = LaunchScreen.storyboard;
			sourceTree = "<group>";
		};
/* End PBXVariantGroup section */

/* Begin XCBuildConfiguration section */
		EF683E7526DD5A7600E18C62 /* Debug */ = {
			isa = XCBuildConfiguration;
			buildSettings = {
				ALWAYS_SEARCH_USER_PATHS = NO;
				CLANG_ANALYZER_NONNULL = YES;
				CLANG_ANALYZER_NUMBER_OBJECT_CONVERSION = YES_AGGRESSIVE;
				CLANG_CXX_LANGUAGE_STANDARD = "gnu++14";
				CLANG_CXX_LIBRARY = "libc++";
				CLANG_ENABLE_MODULES = YES;
				CLANG_ENABLE_OBJC_ARC = YES;
				CLANG_ENABLE_OBJC_WEAK = YES;
				CLANG_WARN_BLOCK_CAPTURE_AUTORELEASING = YES;
				CLANG_WARN_BOOL_CONVERSION = YES;
				CLANG_WARN_COMMA = YES;
				CLANG_WARN_CONSTANT_CONVERSION = YES;
				CLANG_WARN_DEPRECATED_OBJC_IMPLEMENTATIONS = YES;
				CLANG_WARN_DIRECT_OBJC_ISA_USAGE = YES_ERROR;
				CLANG_WARN_DOCUMENTATION_COMMENTS = YES;
				CLANG_WARN_EMPTY_BODY = YES;
				CLANG_WARN_ENUM_CONVERSION = YES;
				CLANG_WARN_INFINITE_RECURSION = YES;
				CLANG_WARN_INT_CONVERSION = YES;
				CLANG_WARN_NON_LITERAL_NULL_CONVERSION = YES;
				CLANG_WARN_OBJC_IMPLICIT_RETAIN_SELF = YES;
				CLANG_WARN_OBJC_LITERAL_CONVERSION = YES;
				CLANG_WARN_OBJC_ROOT_CLASS = YES_ERROR;
				CLANG_WARN_QUOTED_INCLUDE_IN_FRAMEWORK_HEADER = YES;
				CLANG_WARN_RANGE_LOOP_ANALYSIS = YES;
				CLANG_WARN_STRICT_PROTOTYPES = YES;
				CLANG_WARN_SUSPICIOUS_MOVE = YES;
				CLANG_WARN_UNGUARDED_AVAILABILITY = YES_AGGRESSIVE;
				CLANG_WARN_UNREACHABLE_CODE = YES;
				CLANG_WARN__DUPLICATE_METHOD_MATCH = YES;
				COPY_PHASE_STRIP = NO;
				DEBUG_INFORMATION_FORMAT = dwarf;
				ENABLE_STRICT_OBJC_MSGSEND = YES;
				ENABLE_TESTABILITY = YES;
				GCC_C_LANGUAGE_STANDARD = gnu11;
				GCC_DYNAMIC_NO_PIC = NO;
				GCC_NO_COMMON_BLOCKS = YES;
				GCC_OPTIMIZATION_LEVEL = 0;
				GCC_PREPROCESSOR_DEFINITIONS = (
					"DEBUG=1",
					"$(inherited)",
				);
				GCC_WARN_64_TO_32_BIT_CONVERSION = YES;
				GCC_WARN_ABOUT_RETURN_TYPE = YES_ERROR;
				GCC_WARN_UNDECLARED_SELECTOR = YES;
				GCC_WARN_UNINITIALIZED_AUTOS = YES_AGGRESSIVE;
				GCC_WARN_UNUSED_FUNCTION = YES;
				GCC_WARN_UNUSED_VARIABLE = YES;
				IPHONEOS_DEPLOYMENT_TARGET = 14.5;
				MTL_ENABLE_DEBUG_INFO = INCLUDE_SOURCE;
				MTL_FAST_MATH = YES;
				ONLY_ACTIVE_ARCH = YES;
				SDKROOT = iphoneos;
				SWIFT_ACTIVE_COMPILATION_CONDITIONS = DEBUG;
				SWIFT_OPTIMIZATION_LEVEL = "-Onone";
			};
			name = Debug;
		};
		EF683E7626DD5A7600E18C62 /* Release */ = {
			isa = XCBuildConfiguration;
			buildSettings = {
				ALWAYS_SEARCH_USER_PATHS = NO;
				CLANG_ANALYZER_NONNULL = YES;
				CLANG_ANALYZER_NUMBER_OBJECT_CONVERSION = YES_AGGRESSIVE;
				CLANG_CXX_LANGUAGE_STANDARD = "gnu++14";
				CLANG_CXX_LIBRARY = "libc++";
				CLANG_ENABLE_MODULES = YES;
				CLANG_ENABLE_OBJC_ARC = YES;
				CLANG_ENABLE_OBJC_WEAK = YES;
				CLANG_WARN_BLOCK_CAPTURE_AUTORELEASING = YES;
				CLANG_WARN_BOOL_CONVERSION = YES;
				CLANG_WARN_COMMA = YES;
				CLANG_WARN_CONSTANT_CONVERSION = YES;
				CLANG_WARN_DEPRECATED_OBJC_IMPLEMENTATIONS = YES;
				CLANG_WARN_DIRECT_OBJC_ISA_USAGE = YES_ERROR;
				CLANG_WARN_DOCUMENTATION_COMMENTS = YES;
				CLANG_WARN_EMPTY_BODY = YES;
				CLANG_WARN_ENUM_CONVERSION = YES;
				CLANG_WARN_INFINITE_RECURSION = YES;
				CLANG_WARN_INT_CONVERSION = YES;
				CLANG_WARN_NON_LITERAL_NULL_CONVERSION = YES;
				CLANG_WARN_OBJC_IMPLICIT_RETAIN_SELF = YES;
				CLANG_WARN_OBJC_LITERAL_CONVERSION = YES;
				CLANG_WARN_OBJC_ROOT_CLASS = YES_ERROR;
				CLANG_WARN_QUOTED_INCLUDE_IN_FRAMEWORK_HEADER = YES;
				CLANG_WARN_RANGE_LOOP_ANALYSIS = YES;
				CLANG_WARN_STRICT_PROTOTYPES = YES;
				CLANG_WARN_SUSPICIOUS_MOVE = YES;
				CLANG_WARN_UNGUARDED_AVAILABILITY = YES_AGGRESSIVE;
				CLANG_WARN_UNREACHABLE_CODE = YES;
				CLANG_WARN__DUPLICATE_METHOD_MATCH = YES;
				COPY_PHASE_STRIP = NO;
				DEBUG_INFORMATION_FORMAT = "dwarf-with-dsym";
				ENABLE_NS_ASSERTIONS = NO;
				ENABLE_STRICT_OBJC_MSGSEND = YES;
				GCC_C_LANGUAGE_STANDARD = gnu11;
				GCC_NO_COMMON_BLOCKS = YES;
				GCC_WARN_64_TO_32_BIT_CONVERSION = YES;
				GCC_WARN_ABOUT_RETURN_TYPE = YES_ERROR;
				GCC_WARN_UNDECLARED_SELECTOR = YES;
				GCC_WARN_UNINITIALIZED_AUTOS = YES_AGGRESSIVE;
				GCC_WARN_UNUSED_FUNCTION = YES;
				GCC_WARN_UNUSED_VARIABLE = YES;
				IPHONEOS_DEPLOYMENT_TARGET = 14.5;
				MTL_ENABLE_DEBUG_INFO = NO;
				MTL_FAST_MATH = YES;
				SDKROOT = iphoneos;
				SWIFT_COMPILATION_MODE = wholemodule;
				SWIFT_OPTIMIZATION_LEVEL = "-O";
				VALIDATE_PRODUCT = YES;
			};
			name = Release;
		};
		EF683E7826DD5A7600E18C62 /* Debug */ = {
			isa = XCBuildConfiguration;
			buildSettings = {
				ASSETCATALOG_COMPILER_APPICON_NAME = AppIcon;
				ASSETCATALOG_COMPILER_GLOBAL_ACCENT_COLOR_NAME = AccentColor;
				CODE_SIGN_STYLE = Automatic;
				DEVELOPMENT_TEAM = Z589H773DC;
				INFOPLIST_FILE = Timer/Info.plist;
				IPHONEOS_DEPLOYMENT_TARGET = 13.0;
				LD_RUNPATH_SEARCH_PATHS = (
					"$(inherited)",
					"@executable_path/Frameworks",
				);
				PRODUCT_BUNDLE_IDENTIFIER = mehrafruz.Timer;
				PRODUCT_NAME = "$(TARGET_NAME)";
				SWIFT_VERSION = 5.0;
				TARGETED_DEVICE_FAMILY = "1,2";
			};
			name = Debug;
		};
		EF683E7926DD5A7600E18C62 /* Release */ = {
			isa = XCBuildConfiguration;
			buildSettings = {
				ASSETCATALOG_COMPILER_APPICON_NAME = AppIcon;
				ASSETCATALOG_COMPILER_GLOBAL_ACCENT_COLOR_NAME = AccentColor;
				CODE_SIGN_STYLE = Automatic;
				DEVELOPMENT_TEAM = Z589H773DC;
				INFOPLIST_FILE = Timer/Info.plist;
				IPHONEOS_DEPLOYMENT_TARGET = 13.0;
				LD_RUNPATH_SEARCH_PATHS = (
					"$(inherited)",
					"@executable_path/Frameworks",
				);
				PRODUCT_BUNDLE_IDENTIFIER = mehrafruz.Timer;
				PRODUCT_NAME = "$(TARGET_NAME)";
				SWIFT_VERSION = 5.0;
				TARGETED_DEVICE_FAMILY = "1,2";
			};
			name = Release;
		};
/* End XCBuildConfiguration section */

/* Begin XCConfigurationList section */
		EF683E5E26DD5A6100E18C62 /* Build configuration list for PBXProject "Timer" */ = {
			isa = XCConfigurationList;
			buildConfigurations = (
				EF683E7526DD5A7600E18C62 /* Debug */,
				EF683E7626DD5A7600E18C62 /* Release */,
			);
			defaultConfigurationIsVisible = 0;
			defaultConfigurationName = Release;
		};
		EF683E7726DD5A7600E18C62 /* Build configuration list for PBXNativeTarget "Timer" */ = {
			isa = XCConfigurationList;
			buildConfigurations = (
				EF683E7826DD5A7600E18C62 /* Debug */,
				EF683E7926DD5A7600E18C62 /* Release */,
			);
			defaultConfigurationIsVisible = 0;
			defaultConfigurationName = Release;
		};
/* End XCConfigurationList section */
	};
	rootObject = EF683E5B26DD5A6100E18C62 /* Project object */;
}
